
Microsoft Visual Studio Solution File, Format Version 12.00
# Visual Studio Version 17
VisualStudioVersion = 17.9.34407.89
MinimumVisualStudioVersion = 10.0.40219.1
Project("{9A19103F-16F7-4668-BE54-9A1E7A4F7556}") = "IntelliTect.Analyzer", "IntelliTect.Analyzer\IntelliTect.Analyzer\IntelliTect.Analyzer.csproj", "{B21556AE-ABCF-41F9-8585-3C32DE919638}"
EndProject
Project("{9A19103F-16F7-4668-BE54-9A1E7A4F7556}") = "IntelliTect.Analyzer.Tests", "IntelliTect.Analyzer\IntelliTect.Analyzer.Test\IntelliTect.Analyzer.Tests.csproj", "{2B4BFC2E-4BD4-4651-A0F4-E926EF246ADE}"
EndProject
Project("{2150E333-8FDC-42A3-9474-1A3956D46DE8}") = "Solution Items", "Solution Items", "{AF1CA3B2-10B2-423B-ACE3-9151108AD6F4}"
	ProjectSection(SolutionItems) = preProject
		.editorconfig = .editorconfig
		azure-pipelines.yml = azure-pipelines.yml
		Directory.Build.props = Directory.Build.props
		NuGet.config = NuGet.config
		README.md = README.md
	EndProjectSection
EndProject
Project("{9A19103F-16F7-4668-BE54-9A1E7A4F7556}") = "IntelliTect.Analyzer.Integration.Tests", "IntelliTect.Analyzer\IntelliTect.Analyzer.Integration.Tests\IntelliTect.Analyzer.Integration.Tests.csproj", "{25B557AC-D6C9-4719-A977-3DC1666C5347}"
EndProject
Global
	GlobalSection(SolutionConfigurationPlatforms) = preSolution
		Debug|Any CPU = Debug|Any CPU
		Release|Any CPU = Release|Any CPU
	EndGlobalSection
	GlobalSection(ProjectConfigurationPlatforms) = postSolution
		{B21556AE-ABCF-41F9-8585-3C32DE919638}.Debug|Any CPU.ActiveCfg = Debug|Any CPU
		{B21556AE-ABCF-41F9-8585-3C32DE919638}.Debug|Any CPU.Build.0 = Debug|Any CPU
		{B21556AE-ABCF-41F9-8585-3C32DE919638}.Release|Any CPU.ActiveCfg = Release|Any CPU
		{B21556AE-ABCF-41F9-8585-3C32DE919638}.Release|Any CPU.Build.0 = Release|Any CPU
		{2B4BFC2E-4BD4-4651-A0F4-E926EF246ADE}.Debug|Any CPU.ActiveCfg = Debug|Any CPU
		{2B4BFC2E-4BD4-4651-A0F4-E926EF246ADE}.Debug|Any CPU.Build.0 = Debug|Any CPU
		{2B4BFC2E-4BD4-4651-A0F4-E926EF246ADE}.Release|Any CPU.ActiveCfg = Release|Any CPU
		{2B4BFC2E-4BD4-4651-A0F4-E926EF246ADE}.Release|Any CPU.Build.0 = Release|Any CPU
		{25B557AC-D6C9-4719-A977-3DC1666C5347}.Debug|Any CPU.ActiveCfg = Debug|Any CPU
		{25B557AC-D6C9-4719-A977-3DC1666C5347}.Debug|Any CPU.Build.0 = Debug|Any CPU
		{25B557AC-D6C9-4719-A977-3DC1666C5347}.Release|Any CPU.ActiveCfg = Release|Any CPU
		{25B557AC-D6C9-4719-A977-3DC1666C5347}.Release|Any CPU.Build.0 = Release|Any CPU
	EndGlobalSection
	GlobalSection(SolutionProperties) = preSolution
		HideSolutionNode = FALSE
	EndGlobalSection
	GlobalSection(ExtensibilityGlobals) = postSolution
		SolutionGuid = {44E988C1-A6D5-4297-8458-7288917E5448}
	EndGlobalSection
EndGlobal
